
Microsoft Visual Studio Solution File, Format Version 12.00
# Visual Studio 14
VisualStudioVersion = 14.0.24720.0
MinimumVisualStudioVersion = 10.0.40219.1
Project("{FAE04EC0-301F-11D3-BF4B-00C04F79EFBC}") = "Punch.Core.Tests", "Punch.Core.Tests\Punch.Core.Tests.csproj", "{0502D2CA-38D5-47F7-9A4C-B2207244F98C}"
EndProject
Project("{FAE04EC0-301F-11D3-BF4B-00C04F79EFBC}") = "Punch.Core", "Punch.Core\Punch.Core.csproj", "{F9DA8063-0508-4694-8509-59088B60303D}"
EndProject
Project("{2150E333-8FDC-42A3-9474-1A3956D46DE8}") = "Tests", "Tests", "{9259DFA0-B8C9-41B7-8C1B-6A75E483DED8}"
EndProject
Project("{FAE04EC0-301F-11D3-BF4B-00C04F79EFBC}") = "Punch", "Punch\Punch.csproj", "{FAC3D7BD-AC3C-4A56-9243-F77FD1DE7709}"
EndProject
Global
	GlobalSection(SolutionConfigurationPlatforms) = preSolution
		Debug|Any CPU = Debug|Any CPU
		Debug|Mixed Platforms = Debug|Mixed Platforms
		Debug|x86 = Debug|x86
		Release|Any CPU = Release|Any CPU
		Release|Mixed Platforms = Release|Mixed Platforms
		Release|x86 = Release|x86
	EndGlobalSection
	GlobalSection(ProjectConfigurationPlatforms) = postSolution
		{0502D2CA-38D5-47F7-9A4C-B2207244F98C}.Debug|Any CPU.ActiveCfg = Debug|Any CPU
		{0502D2CA-38D5-47F7-9A4C-B2207244F98C}.Debug|Any CPU.Build.0 = Debug|Any CPU
		{0502D2CA-38D5-47F7-9A4C-B2207244F98C}.Debug|Mixed Platforms.ActiveCfg = Debug|Any CPU
		{0502D2CA-38D5-47F7-9A4C-B2207244F98C}.Debug|Mixed Platforms.Build.0 = Debug|Any CPU
		{0502D2CA-38D5-47F7-9A4C-B2207244F98C}.Debug|x86.ActiveCfg = Debug|Any CPU
		{0502D2CA-38D5-47F7-9A4C-B2207244F98C}.Debug|x86.Build.0 = Debug|Any CPU
		{0502D2CA-38D5-47F7-9A4C-B2207244F98C}.Release|Any CPU.ActiveCfg = Release|Any CPU
		{0502D2CA-38D5-47F7-9A4C-B2207244F98C}.Release|Any CPU.Build.0 = Release|Any CPU
		{0502D2CA-38D5-47F7-9A4C-B2207244F98C}.Release|Mixed Platforms.ActiveCfg = Release|Any CPU
		{0502D2CA-38D5-47F7-9A4C-B2207244F98C}.Release|Mixed Platforms.Build.0 = Release|Any CPU
		{0502D2CA-38D5-47F7-9A4C-B2207244F98C}.Release|x86.ActiveCfg = Release|Any CPU
		{F9DA8063-0508-4694-8509-59088B60303D}.Debug|Any CPU.ActiveCfg = Debug|Any CPU
		{F9DA8063-0508-4694-8509-59088B60303D}.Debug|Any CPU.Build.0 = Debug|Any CPU
		{F9DA8063-0508-4694-8509-59088B60303D}.Debug|Mixed Platforms.ActiveCfg = Debug|Any CPU
		{F9DA8063-0508-4694-8509-59088B60303D}.Debug|Mixed Platforms.Build.0 = Debug|Any CPU
		{F9DA8063-0508-4694-8509-59088B60303D}.Debug|x86.ActiveCfg = Debug|Any CPU
		{F9DA8063-0508-4694-8509-59088B60303D}.Debug|x86.Build.0 = Debug|Any CPU
		{F9DA8063-0508-4694-8509-59088B60303D}.Release|Any CPU.ActiveCfg = Release|Any CPU
		{F9DA8063-0508-4694-8509-59088B60303D}.Release|Any CPU.Build.0 = Release|Any CPU
		{F9DA8063-0508-4694-8509-59088B60303D}.Release|Mixed Platforms.ActiveCfg = Release|Any CPU
		{F9DA8063-0508-4694-8509-59088B60303D}.Release|Mixed Platforms.Build.0 = Release|Any CPU
		{F9DA8063-0508-4694-8509-59088B60303D}.Release|x86.ActiveCfg = Release|Any CPU
		{F9DA8063-0508-4694-8509-59088B60303D}.Release|x86.Build.0 = Release|Any CPU
		{FAC3D7BD-AC3C-4A56-9243-F77FD1DE7709}.Debug|Any CPU.ActiveCfg = Debug|Any CPU
		{FAC3D7BD-AC3C-4A56-9243-F77FD1DE7709}.Debug|Any CPU.Build.0 = Debug|Any CPU
		{FAC3D7BD-AC3C-4A56-9243-F77FD1DE7709}.Debug|Mixed Platforms.ActiveCfg = Debug|Any CPU
		{FAC3D7BD-AC3C-4A56-9243-F77FD1DE7709}.Debug|Mixed Platforms.Build.0 = Debug|Any CPU
		{FAC3D7BD-AC3C-4A56-9243-F77FD1DE7709}.Debug|x86.ActiveCfg = Debug|Any CPU
		{FAC3D7BD-AC3C-4A56-9243-F77FD1DE7709}.Debug|x86.Build.0 = Debug|Any CPU
		{FAC3D7BD-AC3C-4A56-9243-F77FD1DE7709}.Release|Any CPU.ActiveCfg = Release|Any CPU
		{FAC3D7BD-AC3C-4A56-9243-F77FD1DE7709}.Release|Any CPU.Build.0 = Release|Any CPU
		{FAC3D7BD-AC3C-4A56-9243-F77FD1DE7709}.Release|Mixed Platforms.ActiveCfg = Release|Any CPU
		{FAC3D7BD-AC3C-4A56-9243-F77FD1DE7709}.Release|Mixed Platforms.Build.0 = Release|Any CPU
		{FAC3D7BD-AC3C-4A56-9243-F77FD1DE7709}.Release|x86.ActiveCfg = Release|Any CPU
		{FAC3D7BD-AC3C-4A56-9243-F77FD1DE7709}.Release|x86.Build.0 = Release|Any CPU
	EndGlobalSection
	GlobalSection(SolutionProperties) = preSolution
		HideSolutionNode = FALSE
	EndGlobalSection
	GlobalSection(NestedProjects) = preSolution
		{0502D2CA-38D5-47F7-9A4C-B2207244F98C} = {9259DFA0-B8C9-41B7-8C1B-6A75E483DED8}
	EndGlobalSection
EndGlobal
